// !$*UTF8*$!
{
	archiveVersion = 1;
	classes = {
	};
	objectVersion = 46;
	objects = {

/* Begin PBXBuildFile section */
		77D95FEC1B5174E700E0AE07 /* main.m in Sources */ = {isa = PBXBuildFile; fileRef = 77D95FEB1B5174E700E0AE07 /* main.m */; };
		77D95FEF1B5174E700E0AE07 /* AppDelegate.m in Sources */ = {isa = PBXBuildFile; fileRef = 77D95FEE1B5174E700E0AE07 /* AppDelegate.m */; };
		77D95FF21B5174E700E0AE07 /* ViewController.m in Sources */ = {isa = PBXBuildFile; fileRef = 77D95FF11B5174E700E0AE07 /* ViewController.m */; };
		77D95FF51B5174E700E0AE07 /* Main.storyboard in Resources */ = {isa = PBXBuildFile; fileRef = 77D95FF31B5174E700E0AE07 /* Main.storyboard */; };
		77D95FF71B5174E700E0AE07 /* Images.xcassets in Resources */ = {isa = PBXBuildFile; fileRef = 77D95FF61B5174E700E0AE07 /* Images.xcassets */; };
		77D95FFA1B5174E700E0AE07 /* LaunchScreen.xib in Resources */ = {isa = PBXBuildFile; fileRef = 77D95FF81B5174E700E0AE07 /* LaunchScreen.xib */; };
		77D960061B5174E700E0AE07 /* iOSDataStructuresTests.m in Sources */ = {isa = PBXBuildFile; fileRef = 77D960051B5174E700E0AE07 /* iOSDataStructuresTests.m */; };
		77D960121B51A92100E0AE07 /* Classes in Resources */ = {isa = PBXBuildFile; fileRef = 77D960111B51A92100E0AE07 /* Classes */; };
/* End PBXBuildFile section */

/* Begin PBXContainerItemProxy section */
		77D960001B5174E700E0AE07 /* PBXContainerItemProxy */ = {
			isa = PBXContainerItemProxy;
			containerPortal = 77D95FDE1B5174E700E0AE07 /* Project object */;
			proxyType = 1;
			remoteGlobalIDString = 77D95FE51B5174E700E0AE07;
			remoteInfo = iOSDataStructures;
		};
/* End PBXContainerItemProxy section */

/* Begin PBXFileReference section */
		77D95FE61B5174E700E0AE07 /* iOSDataStructures.app */ = {isa = PBXFileReference; explicitFileType = wrapper.application; includeInIndex = 0; path = iOSDataStructures.app; sourceTree = BUILT_PRODUCTS_DIR; };
		77D95FEA1B5174E700E0AE07 /* Info.plist */ = {isa = PBXFileReference; lastKnownFileType = text.plist.xml; path = Info.plist; sourceTree = "<group>"; };
		77D95FEB1B5174E700E0AE07 /* main.m */ = {isa = PBXFileReference; lastKnownFileType = sourcecode.c.objc; path = main.m; sourceTree = "<group>"; };
		77D95FED1B5174E700E0AE07 /* AppDelegate.h */ = {isa = PBXFileReference; lastKnownFileType = sourcecode.c.h; path = AppDelegate.h; sourceTree = "<group>"; };
		77D95FEE1B5174E700E0AE07 /* AppDelegate.m */ = {isa = PBXFileReference; lastKnownFileType = sourcecode.c.objc; path = AppDelegate.m; sourceTree = "<group>"; };
		77D95FF01B5174E700E0AE07 /* ViewController.h */ = {isa = PBXFileReference; lastKnownFileType = sourcecode.c.h; path = ViewController.h; sourceTree = "<group>"; };
		77D95FF11B5174E700E0AE07 /* ViewController.m */ = {isa = PBXFileReference; lastKnownFileType = sourcecode.c.objc; path = ViewController.m; sourceTree = "<group>"; };
		77D95FF41B5174E700E0AE07 /* Base */ = {isa = PBXFileReference; lastKnownFileType = file.storyboard; name = Base; path = Base.lproj/Main.storyboard; sourceTree = "<group>"; };
		77D95FF61B5174E700E0AE07 /* Images.xcassets */ = {isa = PBXFileReference; lastKnownFileType = folder.assetcatalog; path = Images.xcassets; sourceTree = "<group>"; };
		77D95FF91B5174E700E0AE07 /* Base */ = {isa = PBXFileReference; lastKnownFileType = file.xib; name = Base; path = Base.lproj/LaunchScreen.xib; sourceTree = "<group>"; };
		77D95FFF1B5174E700E0AE07 /* iOSDataStructuresTests.xctest */ = {isa = PBXFileReference; explicitFileType = wrapper.cfbundle; includeInIndex = 0; path = iOSDataStructuresTests.xctest; sourceTree = BUILT_PRODUCTS_DIR; };
		77D960041B5174E700E0AE07 /* Info.plist */ = {isa = PBXFileReference; lastKnownFileType = text.plist.xml; path = Info.plist; sourceTree = "<group>"; };
		77D960051B5174E700E0AE07 /* iOSDataStructuresTests.m */ = {isa = PBXFileReference; lastKnownFileType = sourcecode.c.objc; path = iOSDataStructuresTests.m; sourceTree = "<group>"; };
		77D960111B51A92100E0AE07 /* Classes */ = {isa = PBXFileReference; lastKnownFileType = folder; path = Classes; sourceTree = "<group>"; };
/* End PBXFileReference section */

/* Begin PBXFrameworksBuildPhase section */
		77D95FE31B5174E700E0AE07 /* Frameworks */ = {
			isa = PBXFrameworksBuildPhase;
			buildActionMask = 2147483647;
			files = (
			);
			runOnlyForDeploymentPostprocessing = 0;
		};
		77D95FFC1B5174E700E0AE07 /* Frameworks */ = {
			isa = PBXFrameworksBuildPhase;
			buildActionMask = 2147483647;
			files = (
			);
			runOnlyForDeploymentPostprocessing = 0;
		};
/* End PBXFrameworksBuildPhase section */

/* Begin PBXGroup section */
		77D95FDD1B5174E700E0AE07 = {
			isa = PBXGroup;
			children = (
				77D95FE81B5174E700E0AE07 /* iOSDataStructures */,
				77D960021B5174E700E0AE07 /* iOSDataStructuresTests */,
				77D95FE71B5174E700E0AE07 /* Products */,
			);
			sourceTree = "<group>";
		};
		77D95FE71B5174E700E0AE07 /* Products */ = {
			isa = PBXGroup;
			children = (
				77D95FE61B5174E700E0AE07 /* iOSDataStructures.app */,
				77D95FFF1B5174E700E0AE07 /* iOSDataStructuresTests.xctest */,
			);
			name = Products;
			sourceTree = "<group>";
		};
		77D95FE81B5174E700E0AE07 /* iOSDataStructures */ = {
			isa = PBXGroup;
			children = (
				77D960111B51A92100E0AE07 /* Classes */,
				77D95FED1B5174E700E0AE07 /* AppDelegate.h */,
				77D95FEE1B5174E700E0AE07 /* AppDelegate.m */,
				77D95FF01B5174E700E0AE07 /* ViewController.h */,
				77D95FF11B5174E700E0AE07 /* ViewController.m */,
				77D95FF31B5174E700E0AE07 /* Main.storyboard */,
				77D95FF61B5174E700E0AE07 /* Images.xcassets */,
				77D95FF81B5174E700E0AE07 /* LaunchScreen.xib */,
				77D95FE91B5174E700E0AE07 /* Supporting Files */,
			);
			path = iOSDataStructures;
			sourceTree = "<group>";
		};
		77D95FE91B5174E700E0AE07 /* Supporting Files */ = {
			isa = PBXGroup;
			children = (
				77D95FEA1B5174E700E0AE07 /* Info.plist */,
				77D95FEB1B5174E700E0AE07 /* main.m */,
			);
			name = "Supporting Files";
			sourceTree = "<group>";
		};
		77D960021B5174E700E0AE07 /* iOSDataStructuresTests */ = {
			isa = PBXGroup;
			children = (
				77D960051B5174E700E0AE07 /* iOSDataStructuresTests.m */,
				77D960031B5174E700E0AE07 /* Supporting Files */,
			);
			path = iOSDataStructuresTests;
			sourceTree = "<group>";
		};
		77D960031B5174E700E0AE07 /* Supporting Files */ = {
			isa = PBXGroup;
			children = (
				77D960041B5174E700E0AE07 /* Info.plist */,
			);
			name = "Supporting Files";
			sourceTree = "<group>";
		};
/* End PBXGroup section */

/* Begin PBXNativeTarget section */
		77D95FE51B5174E700E0AE07 /* iOSDataStructures */ = {
			isa = PBXNativeTarget;
			buildConfigurationList = 77D960091B5174E700E0AE07 /* Build configuration list for PBXNativeTarget "iOSDataStructures" */;
			buildPhases = (
				77D95FE21B5174E700E0AE07 /* Sources */,
				77D95FE31B5174E700E0AE07 /* Frameworks */,
				77D95FE41B5174E700E0AE07 /* Resources */,
				77D960101B51A58200E0AE07 /* ShellScript */,
			);
			buildRules = (
			);
			dependencies = (
			);
			name = iOSDataStructures;
			productName = iOSDataStructures;
			productReference = 77D95FE61B5174E700E0AE07 /* iOSDataStructures.app */;
			productType = "com.apple.product-type.application";
		};
		77D95FFE1B5174E700E0AE07 /* iOSDataStructuresTests */ = {
			isa = PBXNativeTarget;
			buildConfigurationList = 77D9600C1B5174E700E0AE07 /* Build configuration list for PBXNativeTarget "iOSDataStructuresTests" */;
			buildPhases = (
				77D95FFB1B5174E700E0AE07 /* Sources */,
				77D95FFC1B5174E700E0AE07 /* Frameworks */,
				77D95FFD1B5174E700E0AE07 /* Resources */,
			);
			buildRules = (
			);
			dependencies = (
				77D960011B5174E700E0AE07 /* PBXTargetDependency */,
			);
			name = iOSDataStructuresTests;
			productName = iOSDataStructuresTests;
			productReference = 77D95FFF1B5174E700E0AE07 /* iOSDataStructuresTests.xctest */;
			productType = "com.apple.product-type.bundle.unit-test";
		};
/* End PBXNativeTarget section */

/* Begin PBXProject section */
		77D95FDE1B5174E700E0AE07 /* Project object */ = {
			isa = PBXProject;
			attributes = {
				LastUpgradeCheck = 0640;
				ORGANIZATIONNAME = "V-FEXrt";
				TargetAttributes = {
					77D95FE51B5174E700E0AE07 = {
						CreatedOnToolsVersion = 6.4;
					};
					77D95FFE1B5174E700E0AE07 = {
						CreatedOnToolsVersion = 6.4;
						TestTargetID = 77D95FE51B5174E700E0AE07;
					};
				};
			};
			buildConfigurationList = 77D95FE11B5174E700E0AE07 /* Build configuration list for PBXProject "iOSDataStructures" */;
			compatibilityVersion = "Xcode 3.2";
			developmentRegion = English;
			hasScannedForEncodings = 0;
			knownRegions = (
				en,
				Base,
			);
			mainGroup = 77D95FDD1B5174E700E0AE07;
			productRefGroup = 77D95FE71B5174E700E0AE07 /* Products */;
			projectDirPath = "";
			projectRoot = "";
			targets = (
				77D95FE51B5174E700E0AE07 /* iOSDataStructures */,
				77D95FFE1B5174E700E0AE07 /* iOSDataStructuresTests */,
			);
		};
/* End PBXProject section */

/* Begin PBXResourcesBuildPhase section */
		77D95FE41B5174E700E0AE07 /* Resources */ = {
			isa = PBXResourcesBuildPhase;
			buildActionMask = 2147483647;
			files = (
				77D95FF51B5174E700E0AE07 /* Main.storyboard in Resources */,
				77D960121B51A92100E0AE07 /* Classes in Resources */,
				77D95FFA1B5174E700E0AE07 /* LaunchScreen.xib in Resources */,
				77D95FF71B5174E700E0AE07 /* Images.xcassets in Resources */,
			);
			runOnlyForDeploymentPostprocessing = 0;
		};
		77D95FFD1B5174E700E0AE07 /* Resources */ = {
			isa = PBXResourcesBuildPhase;
			buildActionMask = 2147483647;
			files = (
			);
			runOnlyForDeploymentPostprocessing = 0;
		};
/* End PBXResourcesBuildPhase section */

/* Begin PBXShellScriptBuildPhase section */
		77D960101B51A58200E0AE07 /* ShellScript */ = {
			isa = PBXShellScriptBuildPhase;
			buildActionMask = 2147483647;
			files = (
			);
			inputPaths = (
			);
			outputPaths = (
			);
			runOnlyForDeploymentPostprocessing = 0;
			shellPath = /bin/sh;
			shellScript = "rm -r \"${PROJECT_DIR}/Documentation\"\n\n/usr/local/bin/appledoc  \\\n--project-name \"${PROJECT_NAME}\" \\\n--project-company \"ColeSter Productions\" \\\n--company-id \"com.colesterproductions\" \\\n--output \"${PROJECT_DIR}\" \\\n--no-create-docset \\\n--logformat xcode \\\n--exit-threshold 2 \\\n--ignore \"*.m\" \\\n--ignore \"ViewController.h\" \\\n--ignore \"AppDelegate.h\" \\\n\"${PROJECT_DIR}\"\n\nmv \"${PROJECT_DIR}/html\" \\\n\"${PROJECT_DIR}/Documentation\"";
		};
/* End PBXShellScriptBuildPhase section */

/* Begin PBXSourcesBuildPhase section */
		77D95FE21B5174E700E0AE07 /* Sources */ = {
			isa = PBXSourcesBuildPhase;
			buildActionMask = 2147483647;
			files = (
				77D95FF21B5174E700E0AE07 /* ViewController.m in Sources */,
				77D95FEF1B5174E700E0AE07 /* AppDelegate.m in Sources */,
				77D95FEC1B5174E700E0AE07 /* main.m in Sources */,
			);
			runOnlyForDeploymentPostprocessing = 0;
		};
		77D95FFB1B5174E700E0AE07 /* Sources */ = {
			isa = PBXSourcesBuildPhase;
			buildActionMask = 2147483647;
			files = (
				77D960061B5174E700E0AE07 /* iOSDataStructuresTests.m in Sources */,
			);
			runOnlyForDeploymentPostprocessing = 0;
		};
/* End PBXSourcesBuildPhase section */

/* Begin PBXTargetDependency section */
		77D960011B5174E700E0AE07 /* PBXTargetDependency */ = {
			isa = PBXTargetDependency;
			target = 77D95FE51B5174E700E0AE07 /* iOSDataStructures */;
			targetProxy = 77D960001B5174E700E0AE07 /* PBXContainerItemProxy */;
		};
/* End PBXTargetDependency section */

/* Begin PBXVariantGroup section */
		77D95FF31B5174E700E0AE07 /* Main.storyboard */ = {
			isa = PBXVariantGroup;
			children = (
				77D95FF41B5174E700E0AE07 /* Base */,
			);
			name = Main.storyboard;
			sourceTree = "<group>";
		};
		77D95FF81B5174E700E0AE07 /* LaunchScreen.xib */ = {
			isa = PBXVariantGroup;
			children = (
				77D95FF91B5174E700E0AE07 /* Base */,
			);
			name = LaunchScreen.xib;
			sourceTree = "<group>";
		};
/* End PBXVariantGroup section */

/* Begin XCBuildConfiguration section */
		77D960071B5174E700E0AE07 /* Debug */ = {
			isa = XCBuildConfiguration;
			buildSettings = {
				ALWAYS_SEARCH_USER_PATHS = NO;
				CLANG_CXX_LANGUAGE_STANDARD = "gnu++0x";
				CLANG_CXX_LIBRARY = "libc++";
				CLANG_ENABLE_MODULES = YES;
				CLANG_ENABLE_OBJC_ARC = YES;
				CLANG_WARN_BOOL_CONVERSION = YES;
				CLANG_WARN_CONSTANT_CONVERSION = YES;
				CLANG_WARN_DIRECT_OBJC_ISA_USAGE = YES_ERROR;
				CLANG_WARN_EMPTY_BODY = YES;
				CLANG_WARN_ENUM_CONVERSION = YES;
				CLANG_WARN_INT_CONVERSION = YES;
				CLANG_WARN_OBJC_ROOT_CLASS = YES_ERROR;
				CLANG_WARN_UNREACHABLE_CODE = YES;
				CLANG_WARN__DUPLICATE_METHOD_MATCH = YES;
				"CODE_SIGN_IDENTITY[sdk=iphoneos*]" = "iPhone Developer";
				COPY_PHASE_STRIP = NO;
				DEBUG_INFORMATION_FORMAT = "dwarf-with-dsym";
				ENABLE_STRICT_OBJC_MSGSEND = YES;
				GCC_C_LANGUAGE_STANDARD = gnu99;
				GCC_DYNAMIC_NO_PIC = NO;
				GCC_NO_COMMON_BLOCKS = YES;
				GCC_OPTIMIZATION_LEVEL = 0;
				GCC_PREPROCESSOR_DEFINITIONS = (
					"DEBUG=1",
					"$(inherited)",
				);
				GCC_SYMBOLS_PRIVATE_EXTERN = NO;
				GCC_WARN_64_TO_32_BIT_CONVERSION = YES;
				GCC_WARN_ABOUT_RETURN_TYPE = YES_ERROR;
				GCC_WARN_UNDECLARED_SELECTOR = YES;
				GCC_WARN_UNINITIALIZED_AUTOS = YES_AGGRESSIVE;
				GCC_WARN_UNUSED_FUNCTION = YES;
				GCC_WARN_UNUSED_VARIABLE = YES;
				IPHONEOS_DEPLOYMENT_TARGET = 8.4;
				MTL_ENABLE_DEBUG_INFO = YES;
				ONLY_ACTIVE_ARCH = YES;
				SDKROOT = iphoneos;
			};
			name = Debug;
		};
		77D960081B5174E700E0AE07 /* Release */ = {
			isa = XCBuildConfiguration;
			buildSettings = {
				ALWAYS_SEARCH_USER_PATHS = NO;
				CLANG_CXX_LANGUAGE_STANDARD = "gnu++0x";
				CLANG_CXX_LIBRARY = "libc++";
				CLANG_ENABLE_MODULES = YES;
				CLANG_ENABLE_OBJC_ARC = YES;
				CLANG_WARN_BOOL_CONVERSION = YES;
				CLANG_WARN_CONSTANT_CONVERSION = YES;
				CLANG_WARN_DIRECT_OBJC_ISA_USAGE = YES_ERROR;
				CLANG_WARN_EMPTY_BODY = YES;
				CLANG_WARN_ENUM_CONVERSION = YES;
				CLANG_WARN_INT_CONVERSION = YES;
				CLANG_WARN_OBJC_ROOT_CLASS = YES_ERROR;
				CLANG_WARN_UNREACHABLE_CODE = YES;
				CLANG_WARN__DUPLICATE_METHOD_MATCH = YES;
				"CODE_SIGN_IDENTITY[sdk=iphoneos*]" = "iPhone Developer";
				COPY_PHASE_STRIP = NO;
				DEBUG_INFORMATION_FORMAT = "dwarf-with-dsym";
				ENABLE_NS_ASSERTIONS = NO;
				ENABLE_STRICT_OBJC_MSGSEND = YES;
				GCC_C_LANGUAGE_STANDARD = gnu99;
				GCC_NO_COMMON_BLOCKS = YES;
				GCC_WARN_64_TO_32_BIT_CONVERSION = YES;
				GCC_WARN_ABOUT_RETURN_TYPE = YES_ERROR;
				GCC_WARN_UNDECLARED_SELECTOR = YES;
				GCC_WARN_UNINITIALIZED_AUTOS = YES_AGGRESSIVE;
				GCC_WARN_UNUSED_FUNCTION = YES;
				GCC_WARN_UNUSED_VARIABLE = YES;
				IPHONEOS_DEPLOYMENT_TARGET = 8.4;
				MTL_ENABLE_DEBUG_INFO = NO;
				SDKROOT = iphoneos;
				VALIDATE_PRODUCT = YES;
			};
			name = Release;
		};
		77D9600A1B5174E700E0AE07 /* Debug */ = {
			isa = XCBuildConfiguration;
			buildSettings = {
				ASSETCATALOG_COMPILER_APPICON_NAME = AppIcon;
				INFOPLIST_FILE = iOSDataStructures/Info.plist;
				IPHONEOS_DEPLOYMENT_TARGET = 8.0;
				LD_RUNPATH_SEARCH_PATHS = "$(inherited) @executable_path/Frameworks";
				PRODUCT_NAME = "$(TARGET_NAME)";
			};
			name = Debug;
		};
		77D9600B1B5174E700E0AE07 /* Release */ = {
			isa = XCBuildConfiguration;
			buildSettings = {
				ASSETCATALOG_COMPILER_APPICON_NAME = AppIcon;
				INFOPLIST_FILE = iOSDataStructures/Info.plist;
				IPHONEOS_DEPLOYMENT_TARGET = 8.0;
				LD_RUNPATH_SEARCH_PATHS = "$(inherited) @executable_path/Frameworks";
				PRODUCT_NAME = "$(TARGET_NAME)";
			};
			name = Release;
		};
		77D9600D1B5174E700E0AE07 /* Debug */ = {
			isa = XCBuildConfiguration;
			buildSettings = {
				BUNDLE_LOADER = "$(TEST_HOST)";
				FRAMEWORK_SEARCH_PATHS = (
					"$(SDKROOT)/Developer/Library/Frameworks",
					"$(inherited)",
				);
				GCC_PREPROCESSOR_DEFINITIONS = (
					"DEBUG=1",
					"$(inherited)",
				);
				INFOPLIST_FILE = iOSDataStructuresTests/Info.plist;
				LD_RUNPATH_SEARCH_PATHS = "$(inherited) @executable_path/Frameworks @loader_path/Frameworks";
				PRODUCT_NAME = "$(TARGET_NAME)";
				TEST_HOST = "$(BUILT_PRODUCTS_DIR)/iOSDataStructures.app/iOSDataStructures";
			};
			name = Debug;
		};
		77D9600E1B5174E700E0AE07 /* Release */ = {
			isa = XCBuildConfiguration;
			buildSettings = {
				BUNDLE_LOADER = "$(TEST_HOST)";
				FRAMEWORK_SEARCH_PATHS = (
					"$(SDKROOT)/Developer/Library/Frameworks",
					"$(inherited)",
				);
				INFOPLIST_FILE = iOSDataStructuresTests/Info.plist;
				LD_RUNPATH_SEARCH_PATHS = "$(inherited) @executable_path/Frameworks @loader_path/Frameworks";
				PRODUCT_NAME = "$(TARGET_NAME)";
				TEST_HOST = "$(BUILT_PRODUCTS_DIR)/iOSDataStructures.app/iOSDataStructures";
			};
			name = Release;
		};
/* End XCBuildConfiguration section */

/* Begin XCConfigurationList section */
		77D95FE11B5174E700E0AE07 /* Build configuration list for PBXProject "iOSDataStructures" */ = {
			isa = XCConfigurationList;
			buildConfigurations = (
				77D960071B5174E700E0AE07 /* Debug */,
				77D960081B5174E700E0AE07 /* Release */,
			);
			defaultConfigurationIsVisible = 0;
			defaultConfigurationName = Release;
		};
		77D960091B5174E700E0AE07 /* Build configuration list for PBXNativeTarget "iOSDataStructures" */ = {
			isa = XCConfigurationList;
			buildConfigurations = (
				77D9600A1B5174E700E0AE07 /* Debug */,
				77D9600B1B5174E700E0AE07 /* Release */,
			);
			defaultConfigurationIsVisible = 0;
		};
		77D9600C1B5174E700E0AE07 /* Build configuration list for PBXNativeTarget "iOSDataStructuresTests" */ = {
			isa = XCConfigurationList;
			buildConfigurations = (
				77D9600D1B5174E700E0AE07 /* Debug */,
				77D9600E1B5174E700E0AE07 /* Release */,
			);
			defaultConfigurationIsVisible = 0;
		};
/* End XCConfigurationList section */
	};
	rootObject = 77D95FDE1B5174E700E0AE07 /* Project object */;
}
